
Microsoft Visual Studio Solution File, Format Version 12.00
# Visual Studio Version 17
VisualStudioVersion = 17.5.33627.172
MinimumVisualStudioVersion = 10.0.40219.1
Project("{FAE04EC0-301F-11D3-BF4B-00C04F79EFBC}") = "TDDKata", "TDDKata\TDDKata.csproj", "{757E27AC-2E5E-4274-A6E2-2DC5E458D96D}"
EndProject
Project("{FAE04EC0-301F-11D3-BF4B-00C04F79EFBC}") = "TDDKataCalc", "TDDKataCalc\TDDKataCalc.csproj", "{E0185875-100A-4F84-BEA5-B1AD596B3CCD}"
EndProject
Global
	GlobalSection(SolutionConfigurationPlatforms) = preSolution
		Debug|Any CPU = Debug|Any CPU
		Release|Any CPU = Release|Any CPU
	EndGlobalSection
	GlobalSection(ProjectConfigurationPlatforms) = postSolution
		{757E27AC-2E5E-4274-A6E2-2DC5E458D96D}.Debug|Any CPU.ActiveCfg = Debug|Any CPU
		{757E27AC-2E5E-4274-A6E2-2DC5E458D96D}.Debug|Any CPU.Build.0 = Debug|Any CPU
		{757E27AC-2E5E-4274-A6E2-2DC5E458D96D}.Release|Any CPU.ActiveCfg = Release|Any CPU
		{757E27AC-2E5E-4274-A6E2-2DC5E458D96D}.Release|Any CPU.Build.0 = Release|Any CPU
		{E0185875-100A-4F84-BEA5-B1AD596B3CCD}.Debug|Any CPU.ActiveCfg = Debug|Any CPU
		{E0185875-100A-4F84-BEA5-B1AD596B3CCD}.Debug|Any CPU.Build.0 = Debug|Any CPU
		{E0185875-100A-4F84-BEA5-B1AD596B3CCD}.Release|Any CPU.ActiveCfg = Release|Any CPU
		{E0185875-100A-4F84-BEA5-B1AD596B3CCD}.Release|Any CPU.Build.0 = Release|Any CPU
	EndGlobalSection
	GlobalSection(SolutionProperties) = preSolution
		HideSolutionNode = FALSE
	EndGlobalSection
	GlobalSection(ExtensibilityGlobals) = postSolution
		SolutionGuid = {EB181832-0AE2-48E1-923F-A2083E28440A}
	EndGlobalSection
EndGlobal
